dependencies:
- name: mongodb
  repository: https://charts.bitnami.com/bitnami
  version: 12.1.16
- name: minio
  repository: https://charts.bitnami.com/bitnami
  version: 14.6.5
- name: dynamoai-core
  repository: https://documentation.dynamofl.com/helm
  version: 0.1.2
- name: dynamoai-api
  repository: https://documentation.dynamofl.com/helm
  version: 0.1.1
- name: dynamoai-ui
  repository: https://documentation.dynamofl.com/helm
  version: 0.1.1
- name: dynamoai-redis
  repository: https://documentation.dynamofl.com/helm
  version: 0.1.1
- name: dynamoai-metrics-server
  repository: https://documentation.dynamofl.com/helm
  version: 0.1.1
digest: sha256:5c81619fd2a630ad7fd93118b6875d253b8622931cf35f1e2c084f10026bd1ba
generated: "2024-06-06T22:49:49.468979+05:30"
