dependencies:
- name: mongodb
  repository: https://charts.bitnami.com/bitnami
  version: 12.1.16
- name: minio
  repository: https://charts.bitnami.com/bitnami
  version: 14.6.5
- name: keycloak
  repository: https://charts.bitnami.com/bitnami
  version: 21.4.0
- name: nats
  repository: https://nats-io.github.io/k8s/helm/charts/
  version: 1.1.11
- name: nack
  repository: https://nats-io.github.io/k8s/helm/charts/
  version: 0.25.2
- name: dynamoai-core
  repository: https://documentation.dynamofl.com/helm
  version: 0.1.4
- name: dynamoai-api
  repository: https://documentation.dynamofl.com/helm
  version: 0.1.8
- name: dynamoai-ui
  repository: https://documentation.dynamofl.com/helm
  version: 0.1.5
- name: dynamoai-redis
  repository: https://documentation.dynamofl.com/helm
  version: 0.1.1
- name: dynamoai-metrics-server
  repository: https://documentation.dynamofl.com/helm
  version: 0.1.1
digest: sha256:f03757f71f1deabef64630f28a8a0e63e6d254e346a68ea8bc65a738673a5493
generated: "2024-07-01T15:11:41.447817-07:00"
