dependencies:
- name: mongodb
  repository: https://charts.bitnami.com/bitnami
  version: 12.1.16
- name: minio
  repository: https://charts.bitnami.com/bitnami
  version: 14.6.5
- name: keycloak
  repository: https://charts.bitnami.com/bitnami
  version: 21.4.0
- name: nats
  repository: https://nats-io.github.io/k8s/helm/charts/
  version: 1.1.11
- name: nack
  repository: https://nats-io.github.io/k8s/helm/charts/
  version: 0.25.2
- name: dynamoai-core
  repository: file://../dynamoai-core
  version: 0.1.5
- name: dynamoai-api
  repository: file://../dynamoai-api
  version: 0.1.10
- name: dynamoai-ui
  repository: file://../dynamoai-ui
  version: 0.1.6
- name: dynamoai-redis
  repository: file://../dynamoai-redis
  version: 0.1.1
- name: dynamoai-metrics-server
  repository: file://../dynamoai-metrics-server
  version: 0.1.1
digest: sha256:811c99750910fbb1e8db23620e867da024db0728927a3b28ec61a5f123c257bd
generated: "2024-07-29T20:41:13.873437-07:00"
