dependencies:
- name: dynamoai-redis
  repository: https://documentation.dynamofl.com/helm
  version: 0.1.1
- name: dynamoai-metrics-server
  repository: https://documentation.dynamofl.com/helm
  version: 0.1.1
digest: sha256:ad5daadf1b423b6637e04bb1c2994c94cd470590cb0b334aa855612467efd898
generated: "2024-06-05T04:06:26.688254-07:00"
